
Microsoft Visual Studio Solution File, Format Version 12.00
# Visual Studio Version 17
VisualStudioVersion = 17.2.32526.322
MinimumVisualStudioVersion = 10.0.40219.1
Project("{FAE04EC0-301F-11D3-BF4B-00C04F79EFBC}") = "PlaXBackEnd", "PlaXBackEnd\PlaXBackEnd.csproj", "{73FBC3EB-69EA-4ADD-B2B7-D92707D4A128}"
EndProject
Global
	GlobalSection(SolutionConfigurationPlatforms) = preSolution
		Debug|Any CPU = Debug|Any CPU
		Release|Any CPU = Release|Any CPU
	EndGlobalSection
	GlobalSection(ProjectConfigurationPlatforms) = postSolution
		{73FBC3EB-69EA-4ADD-B2B7-D92707D4A128}.Debug|Any CPU.ActiveCfg = Debug|Any CPU
		{73FBC3EB-69EA-4ADD-B2B7-D92707D4A128}.Debug|Any CPU.Build.0 = Debug|Any CPU
		{73FBC3EB-69EA-4ADD-B2B7-D92707D4A128}.Release|Any CPU.ActiveCfg = Release|Any CPU
		{73FBC3EB-69EA-4ADD-B2B7-D92707D4A128}.Release|Any CPU.Build.0 = Release|Any CPU
	EndGlobalSection
	GlobalSection(SolutionProperties) = preSolution
		HideSolutionNode = FALSE
	EndGlobalSection
	GlobalSection(ExtensibilityGlobals) = postSolution
		SolutionGuid = {2E900956-FB0B-4C46-9B68-D8E50A594235}
	EndGlobalSection
EndGlobal
